// !$*UTF8*$!
{
	archiveVersion = 1;
	classes = {
	};
	objectVersion = 50;
	objects = {

/* Begin PBXBuildFile section */
		072CD79923101111005EE53C /* TestableViewController.swift in Sources */ = {isa = PBXBuildFile; fileRef = 072CD79823101111005EE53C /* TestableViewController.swift */; };
		072CD79B23101268005EE53C /* TestableViewModel.swift in Sources */ = {isa = PBXBuildFile; fileRef = 072CD79A23101268005EE53C /* TestableViewModel.swift */; };
		072CD79D2313BEFB005EE53C /* MockAssetApi.swift in Sources */ = {isa = PBXBuildFile; fileRef = 072CD79C2313BEFB005EE53C /* MockAssetApi.swift */; };
		072CD79F2313C005005EE53C /* MockStructs.swift in Sources */ = {isa = PBXBuildFile; fileRef = 072CD79E2313C005005EE53C /* MockStructs.swift */; };
		072CD7A12313C521005EE53C /* RxBlocking.framework in Frameworks */ = {isa = PBXBuildFile; fileRef = 072CD7A02313C521005EE53C /* RxBlocking.framework */; };
		076664B722F8247E0053F882 /* RxSwift.framework in Frameworks */ = {isa = PBXBuildFile; fileRef = 076664AE22F8247E0053F882 /* RxSwift.framework */; };
		076664B822F8247E0053F882 /* RxRelay.framework in Frameworks */ = {isa = PBXBuildFile; fileRef = 076664AF22F8247E0053F882 /* RxRelay.framework */; };
		076664B922F8247E0053F882 /* BigInt.framework in Frameworks */ = {isa = PBXBuildFile; fileRef = 076664B022F8247E0053F882 /* BigInt.framework */; };
		076664BA22F8247E0053F882 /* RxCocoa.framework in Frameworks */ = {isa = PBXBuildFile; fileRef = 076664B122F8247E0053F882 /* RxCocoa.framework */; };
		076664BB22F8247E0053F882 /* SipHash.framework in Frameworks */ = {isa = PBXBuildFile; fileRef = 076664B222F8247E0053F882 /* SipHash.framework */; };
		076664BC22F8247E0053F882 /* DCoreKit.framework in Frameworks */ = {isa = PBXBuildFile; fileRef = 076664B322F8247E0053F882 /* DCoreKit.framework */; };
		076664BD22F8247E0053F882 /* SwiftyJSON.framework in Frameworks */ = {isa = PBXBuildFile; fileRef = 076664B422F8247E0053F882 /* SwiftyJSON.framework */; };
		076664BE22F8247E0053F882 /* CryptoSwift.framework in Frameworks */ = {isa = PBXBuildFile; fileRef = 076664B522F8247E0053F882 /* CryptoSwift.framework */; };
		076664BF22F8247E0053F882 /* Starscream.framework in Frameworks */ = {isa = PBXBuildFile; fileRef = 076664B622F8247E0053F882 /* Starscream.framework */; };
		076664C222F82CCA0053F882 /* Config.swift in Sources */ = {isa = PBXBuildFile; fileRef = 076664C122F82CCA0053F882 /* Config.swift */; };
		076664C422F85B160053F882 /* BalanceHistoryViewController.swift in Sources */ = {isa = PBXBuildFile; fileRef = 076664C322F85B160053F882 /* BalanceHistoryViewController.swift */; };
		076664C822F85D2D0053F882 /* HistoryCell.swift in Sources */ = {isa = PBXBuildFile; fileRef = 076664C722F85D2D0053F882 /* HistoryCell.swift */; };
		076664CB22F870980053F882 /* SupportsPaginationLoading.swift in Sources */ = {isa = PBXBuildFile; fileRef = 076664CA22F870980053F882 /* SupportsPaginationLoading.swift */; };
		076DCD3922F81B32007B3DAA /* AppDelegate.swift in Sources */ = {isa = PBXBuildFile; fileRef = 076DCD3822F81B32007B3DAA /* AppDelegate.swift */; };
		076DCD3B22F81B32007B3DAA /* ViewController.swift in Sources */ = {isa = PBXBuildFile; fileRef = 076DCD3A22F81B32007B3DAA /* ViewController.swift */; };
		076DCD3E22F81B32007B3DAA /* Main.storyboard in Resources */ = {isa = PBXBuildFile; fileRef = 076DCD3C22F81B32007B3DAA /* Main.storyboard */; };
		076DCD4022F81B34007B3DAA /* Assets.xcassets in Resources */ = {isa = PBXBuildFile; fileRef = 076DCD3F22F81B34007B3DAA /* Assets.xcassets */; };
		076DCD4322F81B34007B3DAA /* LaunchScreen.storyboard in Resources */ = {isa = PBXBuildFile; fileRef = 076DCD4122F81B34007B3DAA /* LaunchScreen.storyboard */; };
		076DCD4E22F81B34007B3DAA /* TestableViewModelTests.swift in Sources */ = {isa = PBXBuildFile; fileRef = 076DCD4D22F81B34007B3DAA /* TestableViewModelTests.swift */; };
		07C6946022FC475A00B6C88D /* MessageSendViewController.swift in Sources */ = {isa = PBXBuildFile; fileRef = 07C6945F22FC475A00B6C88D /* MessageSendViewController.swift */; };
		07EDD73F22F9A1910068A37B /* TransferViewController.swift in Sources */ = {isa = PBXBuildFile; fileRef = 07EDD73E22F9A1910068A37B /* TransferViewController.swift */; };
		07EDD74122F9B9480068A37B /* UIViewController+Extension.swift in Sources */ = {isa = PBXBuildFile; fileRef = 07EDD74022F9B9480068A37B /* UIViewController+Extension.swift */; };
		07EDD74322FAAF290068A37B /* Rx+Extension.swift in Sources */ = {isa = PBXBuildFile; fileRef = 07EDD74222FAAF290068A37B /* Rx+Extension.swift */; };
		07EDD74522FAC4860068A37B /* CreateUIAViewController.swift in Sources */ = {isa = PBXBuildFile; fileRef = 07EDD74422FAC4860068A37B /* CreateUIAViewController.swift */; };
		07EDD74722FAE9E90068A37B /* CreateAccountViewController.swift in Sources */ = {isa = PBXBuildFile; fileRef = 07EDD74622FAE9E90068A37B /* CreateAccountViewController.swift */; };
		07EDD74A22FBFF980068A37B /* MessagesListViewController.swift in Sources */ = {isa = PBXBuildFile; fileRef = 07EDD74922FBFF980068A37B /* MessagesListViewController.swift */; };
		07EDD74C22FC00610068A37B /* MessageCell.swift in Sources */ = {isa = PBXBuildFile; fileRef = 07EDD74B22FC00610068A37B /* MessageCell.swift */; };
/* End PBXBuildFile section */

/* Begin PBXContainerItemProxy section */
		076DCD4A22F81B34007B3DAA /* PBXContainerItemProxy */ = {
			isa = PBXContainerItemProxy;
			containerPortal = 076DCD2D22F81B32007B3DAA /* Project object */;
			proxyType = 1;
			remoteGlobalIDString = 076DCD3422F81B32007B3DAA;
			remoteInfo = "DCore SDK Example";
		};
/* End PBXContainerItemProxy section */

/* Begin PBXFileReference section */
		072CD79823101111005EE53C /* TestableViewController.swift */ = {isa = PBXFileReference; lastKnownFileType = sourcecode.swift; path = TestableViewController.swift; sourceTree = "<group>"; };
		072CD79A23101268005EE53C /* TestableViewModel.swift */ = {isa = PBXFileReference; lastKnownFileType = sourcecode.swift; path = TestableViewModel.swift; sourceTree = "<group>"; };
		072CD79C2313BEFB005EE53C /* MockAssetApi.swift */ = {isa = PBXFileReference; lastKnownFileType = sourcecode.swift; path = MockAssetApi.swift; sourceTree = "<group>"; };
		072CD79E2313C005005EE53C /* MockStructs.swift */ = {isa = PBXFileReference; lastKnownFileType = sourcecode.swift; path = MockStructs.swift; sourceTree = "<group>"; };
		072CD7A02313C521005EE53C /* RxBlocking.framework */ = {isa = PBXFileReference; lastKnownFileType = wrapper.framework; name = RxBlocking.framework; path = Carthage/Build/iOS/RxBlocking.framework; sourceTree = "<group>"; };
		076664AE22F8247E0053F882 /* RxSwift.framework */ = {isa = PBXFileReference; lastKnownFileType = wrapper.framework; name = RxSwift.framework; path = Carthage/Build/iOS/RxSwift.framework; sourceTree = "<group>"; };
		076664AF22F8247E0053F882 /* RxRelay.framework */ = {isa = PBXFileReference; lastKnownFileType = wrapper.framework; name = RxRelay.framework; path = Carthage/Build/iOS/RxRelay.framework; sourceTree = "<group>"; };
		076664B022F8247E0053F882 /* BigInt.framework */ = {isa = PBXFileReference; lastKnownFileType = wrapper.framework; name = BigInt.framework; path = Carthage/Build/iOS/BigInt.framework; sourceTree = "<group>"; };
		076664B122F8247E0053F882 /* RxCocoa.framework */ = {isa = PBXFileReference; lastKnownFileType = wrapper.framework; name = RxCocoa.framework; path = Carthage/Build/iOS/RxCocoa.framework; sourceTree = "<group>"; };
		076664B222F8247E0053F882 /* SipHash.framework */ = {isa = PBXFileReference; lastKnownFileType = wrapper.framework; name = SipHash.framework; path = Carthage/Build/iOS/SipHash.framework; sourceTree = "<group>"; };
		076664B322F8247E0053F882 /* DCoreKit.framework */ = {isa = PBXFileReference; lastKnownFileType = wrapper.framework; name = DCoreKit.framework; path = Carthage/Build/iOS/DCoreKit.framework; sourceTree = "<group>"; };
		076664B422F8247E0053F882 /* SwiftyJSON.framework */ = {isa = PBXFileReference; lastKnownFileType = wrapper.framework; name = SwiftyJSON.framework; path = Carthage/Build/iOS/SwiftyJSON.framework; sourceTree = "<group>"; };
		076664B522F8247E0053F882 /* CryptoSwift.framework */ = {isa = PBXFileReference; lastKnownFileType = wrapper.framework; name = CryptoSwift.framework; path = Carthage/Build/iOS/CryptoSwift.framework; sourceTree = "<group>"; };
		076664B622F8247E0053F882 /* Starscream.framework */ = {isa = PBXFileReference; lastKnownFileType = wrapper.framework; name = Starscream.framework; path = Carthage/Build/iOS/Starscream.framework; sourceTree = "<group>"; };
		076664C022F8294F0053F882 /* Config.xcconfig */ = {isa = PBXFileReference; lastKnownFileType = text.xcconfig; path = Config.xcconfig; sourceTree = "<group>"; };
		076664C122F82CCA0053F882 /* Config.swift */ = {isa = PBXFileReference; lastKnownFileType = sourcecode.swift; path = Config.swift; sourceTree = "<group>"; };
		076664C322F85B160053F882 /* BalanceHistoryViewController.swift */ = {isa = PBXFileReference; lastKnownFileType = sourcecode.swift; path = BalanceHistoryViewController.swift; sourceTree = "<group>"; };
		076664C722F85D2D0053F882 /* HistoryCell.swift */ = {isa = PBXFileReference; lastKnownFileType = sourcecode.swift; path = HistoryCell.swift; sourceTree = "<group>"; };
		076664CA22F870980053F882 /* SupportsPaginationLoading.swift */ = {isa = PBXFileReference; lastKnownFileType = sourcecode.swift; path = SupportsPaginationLoading.swift; sourceTree = "<group>"; };
		076DCD3522F81B32007B3DAA /* DCore SDK Example.app */ = {isa = PBXFileReference; explicitFileType = wrapper.application; includeInIndex = 0; path = "DCore SDK Example.app"; sourceTree = BUILT_PRODUCTS_DIR; };
		076DCD3822F81B32007B3DAA /* AppDelegate.swift */ = {isa = PBXFileReference; lastKnownFileType = sourcecode.swift; path = AppDelegate.swift; sourceTree = "<group>"; };
		076DCD3A22F81B32007B3DAA /* ViewController.swift */ = {isa = PBXFileReference; lastKnownFileType = sourcecode.swift; path = ViewController.swift; sourceTree = "<group>"; };
		076DCD3D22F81B32007B3DAA /* Base */ = {isa = PBXFileReference; lastKnownFileType = file.storyboard; name = Base; path = Base.lproj/Main.storyboard; sourceTree = "<group>"; };
		076DCD3F22F81B34007B3DAA /* Assets.xcassets */ = {isa = PBXFileReference; lastKnownFileType = folder.assetcatalog; path = Assets.xcassets; sourceTree = "<group>"; };
		076DCD4222F81B34007B3DAA /* Base */ = {isa = PBXFileReference; lastKnownFileType = file.storyboard; name = Base; path = Base.lproj/LaunchScreen.storyboard; sourceTree = "<group>"; };
		076DCD4422F81B34007B3DAA /* Info.plist */ = {isa = PBXFileReference; lastKnownFileType = text.plist.xml; path = Info.plist; sourceTree = "<group>"; };
		076DCD4922F81B34007B3DAA /* DCore SDK ExampleTests.xctest */ = {isa = PBXFileReference; explicitFileType = wrapper.cfbundle; includeInIndex = 0; path = "DCore SDK ExampleTests.xctest"; sourceTree = BUILT_PRODUCTS_DIR; };
		076DCD4D22F81B34007B3DAA /* TestableViewModelTests.swift */ = {isa = PBXFileReference; lastKnownFileType = sourcecode.swift; path = TestableViewModelTests.swift; sourceTree = "<group>"; };
		076DCD4F22F81B34007B3DAA /* Info.plist */ = {isa = PBXFileReference; lastKnownFileType = text.plist.xml; path = Info.plist; sourceTree = "<group>"; };
		07C6945F22FC475A00B6C88D /* MessageSendViewController.swift */ = {isa = PBXFileReference; lastKnownFileType = sourcecode.swift; path = MessageSendViewController.swift; sourceTree = "<group>"; };
		07EDD73E22F9A1910068A37B /* TransferViewController.swift */ = {isa = PBXFileReference; lastKnownFileType = sourcecode.swift; path = TransferViewController.swift; sourceTree = "<group>"; };
		07EDD74022F9B9480068A37B /* UIViewController+Extension.swift */ = {isa = PBXFileReference; lastKnownFileType = sourcecode.swift; path = "UIViewController+Extension.swift"; sourceTree = "<group>"; };
		07EDD74222FAAF290068A37B /* Rx+Extension.swift */ = {isa = PBXFileReference; lastKnownFileType = sourcecode.swift; path = "Rx+Extension.swift"; sourceTree = "<group>"; };
		07EDD74422FAC4860068A37B /* CreateUIAViewController.swift */ = {isa = PBXFileReference; lastKnownFileType = sourcecode.swift; path = CreateUIAViewController.swift; sourceTree = "<group>"; };
		07EDD74622FAE9E90068A37B /* CreateAccountViewController.swift */ = {isa = PBXFileReference; lastKnownFileType = sourcecode.swift; path = CreateAccountViewController.swift; sourceTree = "<group>"; };
		07EDD74922FBFF980068A37B /* MessagesListViewController.swift */ = {isa = PBXFileReference; lastKnownFileType = sourcecode.swift; path = MessagesListViewController.swift; sourceTree = "<group>"; };
		07EDD74B22FC00610068A37B /* MessageCell.swift */ = {isa = PBXFileReference; lastKnownFileType = sourcecode.swift; path = MessageCell.swift; sourceTree = "<group>"; };
/* End PBXFileReference section */

/* Begin PBXFrameworksBuildPhase section */
		076DCD3222F81B32007B3DAA /* Frameworks */ = {
			isa = PBXFrameworksBuildPhase;
			buildActionMask = 2147483647;
			files = (
				076664B722F8247E0053F882 /* RxSwift.framework in Frameworks */,
				076664B822F8247E0053F882 /* RxRelay.framework in Frameworks */,
				076664B922F8247E0053F882 /* BigInt.framework in Frameworks */,
				076664BA22F8247E0053F882 /* RxCocoa.framework in Frameworks */,
				076664BB22F8247E0053F882 /* SipHash.framework in Frameworks */,
				076664BC22F8247E0053F882 /* DCoreKit.framework in Frameworks */,
				076664BD22F8247E0053F882 /* SwiftyJSON.framework in Frameworks */,
				076664BE22F8247E0053F882 /* CryptoSwift.framework in Frameworks */,
				076664BF22F8247E0053F882 /* Starscream.framework in Frameworks */,
			);
			runOnlyForDeploymentPostprocessing = 0;
		};
		076DCD4622F81B34007B3DAA /* Frameworks */ = {
			isa = PBXFrameworksBuildPhase;
			buildActionMask = 2147483647;
			files = (
				072CD7A12313C521005EE53C /* RxBlocking.framework in Frameworks */,
			);
			runOnlyForDeploymentPostprocessing = 0;
		};
/* End PBXFrameworksBuildPhase section */

/* Begin PBXGroup section */
		072CD79723101016005EE53C /* Testable Screen */ = {
			isa = PBXGroup;
			children = (
				072CD79823101111005EE53C /* TestableViewController.swift */,
				072CD79A23101268005EE53C /* TestableViewModel.swift */,
			);
			path = "Testable Screen";
			sourceTree = "<group>";
		};
		076664AD22F8247E0053F882 /* Frameworks */ = {
			isa = PBXGroup;
			children = (
				072CD7A02313C521005EE53C /* RxBlocking.framework */,
				076664B022F8247E0053F882 /* BigInt.framework */,
				076664B522F8247E0053F882 /* CryptoSwift.framework */,
				076664B322F8247E0053F882 /* DCoreKit.framework */,
				076664B122F8247E0053F882 /* RxCocoa.framework */,
				076664AF22F8247E0053F882 /* RxRelay.framework */,
				076664AE22F8247E0053F882 /* RxSwift.framework */,
				076664B222F8247E0053F882 /* SipHash.framework */,
				076664B622F8247E0053F882 /* Starscream.framework */,
				076664B422F8247E0053F882 /* SwiftyJSON.framework */,
			);
			name = Frameworks;
			sourceTree = "<group>";
		};
		076664C522F85B700053F882 /* Examples */ = {
			isa = PBXGroup;
			children = (
				076664C622F85D180053F882 /* History */,
				07EDD74822FBFF820068A37B /* Messaging */,
				072CD79723101016005EE53C /* Testable Screen */,
				07EDD74622FAE9E90068A37B /* CreateAccountViewController.swift */,
				07EDD74422FAC4860068A37B /* CreateUIAViewController.swift */,
				07EDD73E22F9A1910068A37B /* TransferViewController.swift */,
			);
			path = Examples;
			sourceTree = "<group>";
		};
		076664C622F85D180053F882 /* History */ = {
			isa = PBXGroup;
			children = (
				076664C322F85B160053F882 /* BalanceHistoryViewController.swift */,
				076664C722F85D2D0053F882 /* HistoryCell.swift */,
			);
			path = History;
			sourceTree = "<group>";
		};
		076664C922F8707A0053F882 /* Common */ = {
			isa = PBXGroup;
			children = (
				07EDD74222FAAF290068A37B /* Rx+Extension.swift */,
				076664CA22F870980053F882 /* SupportsPaginationLoading.swift */,
				07EDD74022F9B9480068A37B /* UIViewController+Extension.swift */,
			);
			path = Common;
			sourceTree = "<group>";
		};
		076DCD2C22F81B32007B3DAA = {
			isa = PBXGroup;
			children = (
				076DCD3722F81B32007B3DAA /* DCore SDK Example */,
				076DCD4C22F81B34007B3DAA /* DCore SDK ExampleTests */,
				076DCD3622F81B32007B3DAA /* Products */,
				076664AD22F8247E0053F882 /* Frameworks */,
			);
			sourceTree = "<group>";
		};
		076DCD3622F81B32007B3DAA /* Products */ = {
			isa = PBXGroup;
			children = (
				076DCD3522F81B32007B3DAA /* DCore SDK Example.app */,
				076DCD4922F81B34007B3DAA /* DCore SDK ExampleTests.xctest */,
			);
			name = Products;
			sourceTree = "<group>";
		};
		076DCD3722F81B32007B3DAA /* DCore SDK Example */ = {
			isa = PBXGroup;
			children = (
				076664C022F8294F0053F882 /* Config.xcconfig */,
				076664C122F82CCA0053F882 /* Config.swift */,
				076DCD3822F81B32007B3DAA /* AppDelegate.swift */,
				076DCD3A22F81B32007B3DAA /* ViewController.swift */,
				076DCD3C22F81B32007B3DAA /* Main.storyboard */,
				076DCD3F22F81B34007B3DAA /* Assets.xcassets */,
				076DCD4122F81B34007B3DAA /* LaunchScreen.storyboard */,
				076DCD4422F81B34007B3DAA /* Info.plist */,
				076664C922F8707A0053F882 /* Common */,
				076664C522F85B700053F882 /* Examples */,
			);
			path = "DCore SDK Example";
			sourceTree = "<group>";
		};
		076DCD4C22F81B34007B3DAA /* DCore SDK ExampleTests */ = {
			isa = PBXGroup;
			children = (
				076DCD4D22F81B34007B3DAA /* TestableViewModelTests.swift */,
				076DCD4F22F81B34007B3DAA /* Info.plist */,
				072CD79C2313BEFB005EE53C /* MockAssetApi.swift */,
				072CD79E2313C005005EE53C /* MockStructs.swift */,
			);
			path = "DCore SDK ExampleTests";
			sourceTree = "<group>";
		};
		07EDD74822FBFF820068A37B /* Messaging */ = {
			isa = PBXGroup;
			children = (
				07EDD74922FBFF980068A37B /* MessagesListViewController.swift */,
				07EDD74B22FC00610068A37B /* MessageCell.swift */,
				07C6945F22FC475A00B6C88D /* MessageSendViewController.swift */,
			);
			path = Messaging;
			sourceTree = "<group>";
		};
/* End PBXGroup section */

/* Begin PBXNativeTarget section */
		076DCD3422F81B32007B3DAA /* DCore SDK Example */ = {
			isa = PBXNativeTarget;
			buildConfigurationList = 076DCD5222F81B34007B3DAA /* Build configuration list for PBXNativeTarget "DCore SDK Example" */;
			buildPhases = (
				076DCD3122F81B32007B3DAA /* Sources */,
				076DCD3222F81B32007B3DAA /* Frameworks */,
				076DCD3322F81B32007B3DAA /* Resources */,
				076664AC22F824050053F882 /* Carthage */,
			);
			buildRules = (
			);
			dependencies = (
			);
			name = "DCore SDK Example";
			productName = "DCore SDK Example";
			productReference = 076DCD3522F81B32007B3DAA /* DCore SDK Example.app */;
			productType = "com.apple.product-type.application";
		};
		076DCD4822F81B34007B3DAA /* DCore SDK ExampleTests */ = {
			isa = PBXNativeTarget;
			buildConfigurationList = 076DCD5522F81B34007B3DAA /* Build configuration list for PBXNativeTarget "DCore SDK ExampleTests" */;
			buildPhases = (
				076DCD4522F81B34007B3DAA /* Sources */,
				072CD7A22313CA22005EE53C /* Carthage */,
				076DCD4622F81B34007B3DAA /* Frameworks */,
				076DCD4722F81B34007B3DAA /* Resources */,
			);
			buildRules = (
			);
			dependencies = (
				076DCD4B22F81B34007B3DAA /* PBXTargetDependency */,
			);
			name = "DCore SDK ExampleTests";
			productName = "DCore SDK ExampleTests";
			productReference = 076DCD4922F81B34007B3DAA /* DCore SDK ExampleTests.xctest */;
			productType = "com.apple.product-type.bundle.unit-test";
		};
/* End PBXNativeTarget section */

/* Begin PBXProject section */
		076DCD2D22F81B32007B3DAA /* Project object */ = {
			isa = PBXProject;
			attributes = {
				LastSwiftUpdateCheck = 1030;
				LastUpgradeCheck = 1030;
				ORGANIZATIONNAME = DECENT;
				TargetAttributes = {
					076DCD3422F81B32007B3DAA = {
						CreatedOnToolsVersion = 10.3;
					};
					076DCD4822F81B34007B3DAA = {
						CreatedOnToolsVersion = 10.3;
						TestTargetID = 076DCD3422F81B32007B3DAA;
					};
				};
			};
			buildConfigurationList = 076DCD3022F81B32007B3DAA /* Build configuration list for PBXProject "DCore SDK Example" */;
			compatibilityVersion = "Xcode 9.3";
			developmentRegion = en;
			hasScannedForEncodings = 0;
			knownRegions = (
				en,
				Base,
			);
			mainGroup = 076DCD2C22F81B32007B3DAA;
			productRefGroup = 076DCD3622F81B32007B3DAA /* Products */;
			projectDirPath = "";
			projectRoot = "";
			targets = (
				076DCD3422F81B32007B3DAA /* DCore SDK Example */,
				076DCD4822F81B34007B3DAA /* DCore SDK ExampleTests */,
			);
		};
/* End PBXProject section */

/* Begin PBXResourcesBuildPhase section */
		076DCD3322F81B32007B3DAA /* Resources */ = {
			isa = PBXResourcesBuildPhase;
			buildActionMask = 2147483647;
			files = (
				076DCD4322F81B34007B3DAA /* LaunchScreen.storyboard in Resources */,
				076DCD4022F81B34007B3DAA /* Assets.xcassets in Resources */,
				076DCD3E22F81B32007B3DAA /* Main.storyboard in Resources */,
			);
			runOnlyForDeploymentPostprocessing = 0;
		};
		076DCD4722F81B34007B3DAA /* Resources */ = {
			isa = PBXResourcesBuildPhase;
			buildActionMask = 2147483647;
			files = (
			);
			runOnlyForDeploymentPostprocessing = 0;
		};
/* End PBXResourcesBuildPhase section */

/* Begin PBXShellScriptBuildPhase section */
		072CD7A22313CA22005EE53C /* Carthage */ = {
			isa = PBXShellScriptBuildPhase;
			buildActionMask = 2147483647;
			files = (
			);
			inputFileListPaths = (
			);
			inputPaths = (
				"$(SRCROOT)/Carthage/Build/iOS/RxBlocking.framework",
				"$(SRCROOT)/Carthage/Build/iOS/BigInt.framework",
				"$(SRCROOT)/Carthage/Build/iOS/RxSwift.framework",
				"$(SRCROOT)/Carthage/Build/iOS/SipHash.framework",
				"$(SRCROOT)/Carthage/Build/iOS/RxCocoa.framework",
				"$(SRCROOT)/Carthage/Build/iOS/Starscream.framework",
				"$(SRCROOT)/Carthage/Build/iOS/CryptoSwift.framework",
				"$(SRCROOT)/Carthage/Build/iOS/SwiftyJSON.framework",
				"$(SRCROOT)/Carthage/Build/iOS/RxRelay.framework",
			);
			name = Carthage;
			outputFileListPaths = (
			);
			outputPaths = (
				"$(BUILT_PRODUCTS_DIR)/$(FRAMEWORKS_FOLDER_PATH)/RxBlocking.framework",
				"$(BUILT_PRODUCTS_DIR)/$(FRAMEWORKS_FOLDER_PATH)/BigInt.framework",
				"$(BUILT_PRODUCTS_DIR)/$(FRAMEWORKS_FOLDER_PATH)/RxSwift.framework",
				"$(BUILT_PRODUCTS_DIR)/$(FRAMEWORKS_FOLDER_PATH)/SipHash.framework",
				"$(BUILT_PRODUCTS_DIR)/$(FRAMEWORKS_FOLDER_PATH)/RxCocoa.framework",
				"$(BUILT_PRODUCTS_DIR)/$(FRAMEWORKS_FOLDER_PATH)/Starscream.framework",
				"$(BUILT_PRODUCTS_DIR)/$(FRAMEWORKS_FOLDER_PATH)/CryptoSwift.framework",
				"$(BUILT_PRODUCTS_DIR)/$(FRAMEWORKS_FOLDER_PATH)/SwiftyJSON.framework",
				"$(BUILT_PRODUCTS_DIR)/$(FRAMEWORKS_FOLDER_PATH)/RxRelay.framework",
			);
			runOnlyForDeploymentPostprocessing = 0;
			shellPath = /bin/sh;
			shellScript = "/usr/local/bin/carthage copy-frameworks\n";
		};
		076664AC22F824050053F882 /* Carthage */ = {
			isa = PBXShellScriptBuildPhase;
			buildActionMask = 2147483647;
			files = (
			);
			inputFileListPaths = (
			);
			inputPaths = (
				"$(SRCROOT)/Carthage/Build/iOS/RxSwift.framework",
				"$(SRCROOT)/Carthage/Build/iOS/RxRelay.framework",
				"$(SRCROOT)/Carthage/Build/iOS/BigInt.framework",
				"$(SRCROOT)/Carthage/Build/iOS/RxCocoa.framework",
				"$(SRCROOT)/Carthage/Build/iOS/SipHash.framework",
				"$(SRCROOT)/Carthage/Build/iOS/DCoreKit.framework",
				"$(SRCROOT)/Carthage/Build/iOS/SwiftyJSON.framework",
				"$(SRCROOT)/Carthage/Build/iOS/CryptoSwift.framework",
				"$(SRCROOT)/Carthage/Build/iOS/Starscream.framework",
			);
			name = Carthage;
			outputFileListPaths = (
			);
			outputPaths = (
				"$(BUILT_PRODUCTS_DIR)/$(FRAMEWORKS_FOLDER_PATH)/RxSwift.framework",
				"$(BUILT_PRODUCTS_DIR)/$(FRAMEWORKS_FOLDER_PATH)/RxRelay.framework",
				"$(BUILT_PRODUCTS_DIR)/$(FRAMEWORKS_FOLDER_PATH)/BigInt.framework",
				"$(BUILT_PRODUCTS_DIR)/$(FRAMEWORKS_FOLDER_PATH)/RxCocoa.framework",
				"$(BUILT_PRODUCTS_DIR)/$(FRAMEWORKS_FOLDER_PATH)/SipHash.framework",
				"$(BUILT_PRODUCTS_DIR)/$(FRAMEWORKS_FOLDER_PATH)/DCoreKit.framework",
				"$(BUILT_PRODUCTS_DIR)/$(FRAMEWORKS_FOLDER_PATH)/SwiftyJSON.framework",
				"$(BUILT_PRODUCTS_DIR)/$(FRAMEWORKS_FOLDER_PATH)/CryptoSwift.framework",
				"$(BUILT_PRODUCTS_DIR)/$(FRAMEWORKS_FOLDER_PATH)/Starscream.framework",
			);
			runOnlyForDeploymentPostprocessing = 0;
			shellPath = /bin/sh;
			shellScript = "/usr/local/bin/carthage copy-frameworks\n";
		};
/* End PBXShellScriptBuildPhase section */

/* Begin PBXSourcesBuildPhase section */
		076DCD3122F81B32007B3DAA /* Sources */ = {
			isa = PBXSourcesBuildPhase;
			buildActionMask = 2147483647;
			files = (
				07EDD74322FAAF290068A37B /* Rx+Extension.swift in Sources */,
				076664C422F85B160053F882 /* BalanceHistoryViewController.swift in Sources */,
				072CD79B23101268005EE53C /* TestableViewModel.swift in Sources */,
				07EDD73F22F9A1910068A37B /* TransferViewController.swift in Sources */,
				07EDD74722FAE9E90068A37B /* CreateAccountViewController.swift in Sources */,
				07EDD74C22FC00610068A37B /* MessageCell.swift in Sources */,
				076664C222F82CCA0053F882 /* Config.swift in Sources */,
				07C6946022FC475A00B6C88D /* MessageSendViewController.swift in Sources */,
				076664CB22F870980053F882 /* SupportsPaginationLoading.swift in Sources */,
				072CD79923101111005EE53C /* TestableViewController.swift in Sources */,
				07EDD74122F9B9480068A37B /* UIViewController+Extension.swift in Sources */,
				076DCD3B22F81B32007B3DAA /* ViewController.swift in Sources */,
				07EDD74A22FBFF980068A37B /* MessagesListViewController.swift in Sources */,
				076DCD3922F81B32007B3DAA /* AppDelegate.swift in Sources */,
				07EDD74522FAC4860068A37B /* CreateUIAViewController.swift in Sources */,
				076664C822F85D2D0053F882 /* HistoryCell.swift in Sources */,
			);
			runOnlyForDeploymentPostprocessing = 0;
		};
		076DCD4522F81B34007B3DAA /* Sources */ = {
			isa = PBXSourcesBuildPhase;
			buildActionMask = 2147483647;
			files = (
				076DCD4E22F81B34007B3DAA /* TestableViewModelTests.swift in Sources */,
				072CD79F2313C005005EE53C /* MockStructs.swift in Sources */,
				072CD79D2313BEFB005EE53C /* MockAssetApi.swift in Sources */,
			);
			runOnlyForDeploymentPostprocessing = 0;
		};
/* End PBXSourcesBuildPhase section */

/* Begin PBXTargetDependency section */
		076DCD4B22F81B34007B3DAA /* PBXTargetDependency */ = {
			isa = PBXTargetDependency;
			target = 076DCD3422F81B32007B3DAA /* DCore SDK Example */;
			targetProxy = 076DCD4A22F81B34007B3DAA /* PBXContainerItemProxy */;
		};
/* End PBXTargetDependency section */

/* Begin PBXVariantGroup section */
		076DCD3C22F81B32007B3DAA /* Main.storyboard */ = {
			isa = PBXVariantGroup;
			children = (
				076DCD3D22F81B32007B3DAA /* Base */,
			);
			name = Main.storyboard;
			sourceTree = "<group>";
		};
		076DCD4122F81B34007B3DAA /* LaunchScreen.storyboard */ = {
			isa = PBXVariantGroup;
			children = (
				076DCD4222F81B34007B3DAA /* Base */,
			);
			name = LaunchScreen.storyboard;
			sourceTree = "<group>";
		};
/* End PBXVariantGroup section */

/* Begin XCBuildConfiguration section */
		076DCD5022F81B34007B3DAA /* Debug */ = {
			isa = XCBuildConfiguration;
			baseConfigurationReference = 076664C022F8294F0053F882 /* Config.xcconfig */;
			buildSettings = {
				ALWAYS_SEARCH_USER_PATHS = NO;
				CLANG_ANALYZER_NONNULL = YES;
				CLANG_ANALYZER_NUMBER_OBJECT_CONVERSION = YES_AGGRESSIVE;
				CLANG_CXX_LANGUAGE_STANDARD = "gnu++14";
				CLANG_CXX_LIBRARY = "libc++";
				CLANG_ENABLE_MODULES = YES;
				CLANG_ENABLE_OBJC_ARC = YES;
				CLANG_ENABLE_OBJC_WEAK = YES;
				CLANG_WARN_BLOCK_CAPTURE_AUTORELEASING = YES;
				CLANG_WARN_BOOL_CONVERSION = YES;
				CLANG_WARN_COMMA = YES;
				CLANG_WARN_CONSTANT_CONVERSION = YES;
				CLANG_WARN_DEPRECATED_OBJC_IMPLEMENTATIONS = YES;
				CLANG_WARN_DIRECT_OBJC_ISA_USAGE = YES_ERROR;
				CLANG_WARN_DOCUMENTATION_COMMENTS = YES;
				CLANG_WARN_EMPTY_BODY = YES;
				CLANG_WARN_ENUM_CONVERSION = YES;
				CLANG_WARN_INFINITE_RECURSION = YES;
				CLANG_WARN_INT_CONVERSION = YES;
				CLANG_WARN_NON_LITERAL_NULL_CONVERSION = YES;
				CLANG_WARN_OBJC_IMPLICIT_RETAIN_SELF = YES;
				CLANG_WARN_OBJC_LITERAL_CONVERSION = YES;
				CLANG_WARN_OBJC_ROOT_CLASS = YES_ERROR;
				CLANG_WARN_RANGE_LOOP_ANALYSIS = YES;
				CLANG_WARN_STRICT_PROTOTYPES = YES;
				CLANG_WARN_SUSPICIOUS_MOVE = YES;
				CLANG_WARN_UNGUARDED_AVAILABILITY = YES_AGGRESSIVE;
				CLANG_WARN_UNREACHABLE_CODE = YES;
				CLANG_WARN__DUPLICATE_METHOD_MATCH = YES;
				CODE_SIGN_IDENTITY = "iPhone Developer";
				COPY_PHASE_STRIP = NO;
				DEBUG_INFORMATION_FORMAT = dwarf;
				ENABLE_STRICT_OBJC_MSGSEND = YES;
				ENABLE_TESTABILITY = YES;
				GCC_C_LANGUAGE_STANDARD = gnu11;
				GCC_DYNAMIC_NO_PIC = NO;
				GCC_NO_COMMON_BLOCKS = YES;
				GCC_OPTIMIZATION_LEVEL = 0;
				GCC_PREPROCESSOR_DEFINITIONS = (
					"DEBUG=1",
					"$(inherited)",
				);
				GCC_WARN_64_TO_32_BIT_CONVERSION = YES;
				GCC_WARN_ABOUT_RETURN_TYPE = YES_ERROR;
				GCC_WARN_UNDECLARED_SELECTOR = YES;
				GCC_WARN_UNINITIALIZED_AUTOS = YES_AGGRESSIVE;
				GCC_WARN_UNUSED_FUNCTION = YES;
				GCC_WARN_UNUSED_VARIABLE = YES;
				IPHONEOS_DEPLOYMENT_TARGET = 12.4;
				MTL_ENABLE_DEBUG_INFO = INCLUDE_SOURCE;
				MTL_FAST_MATH = YES;
				ONLY_ACTIVE_ARCH = YES;
				SDKROOT = iphoneos;
				SWIFT_ACTIVE_COMPILATION_CONDITIONS = DEBUG;
				SWIFT_OPTIMIZATION_LEVEL = "-Onone";
			};
			name = Debug;
		};
		076DCD5122F81B34007B3DAA /* Release */ = {
			isa = XCBuildConfiguration;
			baseConfigurationReference = 076664C022F8294F0053F882 /* Config.xcconfig */;
			buildSettings = {
				ALWAYS_SEARCH_USER_PATHS = NO;
				CLANG_ANALYZER_NONNULL = YES;
				CLANG_ANALYZER_NUMBER_OBJECT_CONVERSION = YES_AGGRESSIVE;
				CLANG_CXX_LANGUAGE_STANDARD = "gnu++14";
				CLANG_CXX_LIBRARY = "libc++";
				CLANG_ENABLE_MODULES = YES;
				CLANG_ENABLE_OBJC_ARC = YES;
				CLANG_ENABLE_OBJC_WEAK = YES;
				CLANG_WARN_BLOCK_CAPTURE_AUTORELEASING = YES;
				CLANG_WARN_BOOL_CONVERSION = YES;
				CLANG_WARN_COMMA = YES;
				CLANG_WARN_CONSTANT_CONVERSION = YES;
				CLANG_WARN_DEPRECATED_OBJC_IMPLEMENTATIONS = YES;
				CLANG_WARN_DIRECT_OBJC_ISA_USAGE = YES_ERROR;
				CLANG_WARN_DOCUMENTATION_COMMENTS = YES;
				CLANG_WARN_EMPTY_BODY = YES;
				CLANG_WARN_ENUM_CONVERSION = YES;
				CLANG_WARN_INFINITE_RECURSION = YES;
				CLANG_WARN_INT_CONVERSION = YES;
				CLANG_WARN_NON_LITERAL_NULL_CONVERSION = YES;
				CLANG_WARN_OBJC_IMPLICIT_RETAIN_SELF = YES;
				CLANG_WARN_OBJC_LITERAL_CONVERSION = YES;
				CLANG_WARN_OBJC_ROOT_CLASS = YES_ERROR;
				CLANG_WARN_RANGE_LOOP_ANALYSIS = YES;
				CLANG_WARN_STRICT_PROTOTYPES = YES;
				CLANG_WARN_SUSPICIOUS_MOVE = YES;
				CLANG_WARN_UNGUARDED_AVAILABILITY = YES_AGGRESSIVE;
				CLANG_WARN_UNREACHABLE_CODE = YES;
				CLANG_WARN__DUPLICATE_METHOD_MATCH = YES;
				CODE_SIGN_IDENTITY = "iPhone Developer";
				COPY_PHASE_STRIP = NO;
				DEBUG_INFORMATION_FORMAT = "dwarf-with-dsym";
				ENABLE_NS_ASSERTIONS = NO;
				ENABLE_STRICT_OBJC_MSGSEND = YES;
				GCC_C_LANGUAGE_STANDARD = gnu11;
				GCC_NO_COMMON_BLOCKS = YES;
				GCC_WARN_64_TO_32_BIT_CONVERSION = YES;
				GCC_WARN_ABOUT_RETURN_TYPE = YES_ERROR;
				GCC_WARN_UNDECLARED_SELECTOR = YES;
				GCC_WARN_UNINITIALIZED_AUTOS = YES_AGGRESSIVE;
				GCC_WARN_UNUSED_FUNCTION = YES;
				GCC_WARN_UNUSED_VARIABLE = YES;
				IPHONEOS_DEPLOYMENT_TARGET = 12.4;
				MTL_ENABLE_DEBUG_INFO = NO;
				MTL_FAST_MATH = YES;
				SDKROOT = iphoneos;
				SWIFT_COMPILATION_MODE = wholemodule;
				SWIFT_OPTIMIZATION_LEVEL = "-O";
				VALIDATE_PRODUCT = YES;
			};
			name = Release;
		};
		076DCD5322F81B34007B3DAA /* Debug */ = {
			isa = XCBuildConfiguration;
			buildSettings = {
				ASSETCATALOG_COMPILER_APPICON_NAME = AppIcon;
				CODE_SIGN_STYLE = Automatic;
				FRAMEWORK_SEARCH_PATHS = (
					"$(inherited)",
					"$(PROJECT_DIR)/Carthage/Build/iOS",
				);
				INFOPLIST_FILE = "DCore SDK Example/Info.plist";
				LD_RUNPATH_SEARCH_PATHS = (
					"$(inherited)",
					"@executable_path/Frameworks",
				);
				PRODUCT_BUNDLE_IDENTIFIER = "ch.decent.DCore-SDK-Example";
				PRODUCT_NAME = "$(TARGET_NAME)";
				SWIFT_VERSION = 5.0;
				TARGETED_DEVICE_FAMILY = "1,2";
			};
			name = Debug;
		};
		076DCD5422F81B34007B3DAA /* Release */ = {
			isa = XCBuildConfiguration;
			buildSettings = {
				ASSETCATALOG_COMPILER_APPICON_NAME = AppIcon;
				CODE_SIGN_STYLE = Automatic;
				ENABLE_TESTABILITY = YES;
				FRAMEWORK_SEARCH_PATHS = (
					"$(inherited)",
					"$(PROJECT_DIR)/Carthage/Build/iOS",
				);
				INFOPLIST_FILE = "DCore SDK Example/Info.plist";
				LD_RUNPATH_SEARCH_PATHS = (
					"$(inherited)",
					"@executable_path/Frameworks",
				);
				PRODUCT_BUNDLE_IDENTIFIER = "ch.decent.DCore-SDK-Example";
				PRODUCT_NAME = "$(TARGET_NAME)";
				SWIFT_VERSION = 5.0;
				TARGETED_DEVICE_FAMILY = "1,2";
			};
			name = Release;
		};
		076DCD5622F81B34007B3DAA /* Debug */ = {
			isa = XCBuildConfiguration;
			buildSettings = {
				ALWAYS_EMBED_SWIFT_STANDARD_LIBRARIES = YES;
				BUNDLE_LOADER = "$(TEST_HOST)";
				CODE_SIGN_STYLE = Manual;
				DEVELOPMENT_TEAM = "";
				FRAMEWORK_SEARCH_PATHS = (
					"$(inherited)",
					"$(PROJECT_DIR)/Carthage/Build/iOS",
				);
				INFOPLIST_FILE = "DCore SDK ExampleTests/Info.plist";
				LD_RUNPATH_SEARCH_PATHS = (
					"$(inherited)",
					"@executable_path/Frameworks",
					"@loader_path/Frameworks",
					"@loader_path/../Frameworks",
				);
				PRODUCT_BUNDLE_IDENTIFIER = "ch.decent.DCore-SDK-ExampleTests";
				PRODUCT_NAME = "$(TARGET_NAME)";
				PROVISIONING_PROFILE_SPECIFIER = "";
				SWIFT_VERSION = 5.0;
				TARGETED_DEVICE_FAMILY = "1,2";
				TEST_HOST = "$(BUILT_PRODUCTS_DIR)/DCore SDK Example.app/DCore SDK Example";
			};
			name = Debug;
		};
		076DCD5722F81B34007B3DAA /* Release */ = {
			isa = XCBuildConfiguration;
			buildSettings = {
				ALWAYS_EMBED_SWIFT_STANDARD_LIBRARIES = YES;
				BUNDLE_LOADER = "$(TEST_HOST)";
				CODE_SIGN_STYLE = Manual;
				DEVELOPMENT_TEAM = "";
				FRAMEWORK_SEARCH_PATHS = (
					"$(inherited)",
					"$(PROJECT_DIR)/Carthage/Build/iOS",
				);
				INFOPLIST_FILE = "DCore SDK ExampleTests/Info.plist";
				LD_RUNPATH_SEARCH_PATHS = (
					"$(inherited)",
					"@executable_path/Frameworks",
					"@loader_path/Frameworks",
					"@loader_path/../Frameworks",
				);
				PRODUCT_BUNDLE_IDENTIFIER = "ch.decent.DCore-SDK-ExampleTests";
				PRODUCT_NAME = "$(TARGET_NAME)";
				PROVISIONING_PROFILE_SPECIFIER = "";
				SWIFT_VERSION = 5.0;
				TARGETED_DEVICE_FAMILY = "1,2";
				TEST_HOST = "$(BUILT_PRODUCTS_DIR)/DCore SDK Example.app/DCore SDK Example";
			};
			name = Release;
		};
/* End XCBuildConfiguration section */

/* Begin XCConfigurationList section */
		076DCD3022F81B32007B3DAA /* Build configuration list for PBXProject "DCore SDK Example" */ = {
			isa = XCConfigurationList;
			buildConfigurations = (
				076DCD5022F81B34007B3DAA /* Debug */,
				076DCD5122F81B34007B3DAA /* Release */,
			);
			defaultConfigurationIsVisible = 0;
			defaultConfigurationName = Release;
		};
		076DCD5222F81B34007B3DAA /* Build configuration list for PBXNativeTarget "DCore SDK Example" */ = {
			isa = XCConfigurationList;
			buildConfigurations = (
				076DCD5322F81B34007B3DAA /* Debug */,
				076DCD5422F81B34007B3DAA /* Release */,
			);
			defaultConfigurationIsVisible = 0;
			defaultConfigurationName = Release;
		};
		076DCD5522F81B34007B3DAA /* Build configuration list for PBXNativeTarget "DCore SDK ExampleTests" */ = {
			isa = XCConfigurationList;
			buildConfigurations = (
				076DCD5622F81B34007B3DAA /* Debug */,
				076DCD5722F81B34007B3DAA /* Release */,
			);
			defaultConfigurationIsVisible = 0;
			defaultConfigurationName = Release;
		};
/* End XCConfigurationList section */
	};
	rootObject = 076DCD2D22F81B32007B3DAA /* Project object */;
}
